
Microsoft Visual Studio Solution File, Format Version 12.00
# Visual Studio Version 17
VisualStudioVersion = 17.5.33502.453
MinimumVisualStudioVersion = 10.0.40219.1
Project("{FAE04EC0-301F-11D3-BF4B-00C04F79EFBC}") = "PuntoVenta", "PuntoVenta\PuntoVenta.csproj", "{1182281B-8E0E-4661-9486-7E85E6C5A795}"
EndProject
Global
	GlobalSection(SolutionConfigurationPlatforms) = preSolution
		Debug|Any CPU = Debug|Any CPU
		Release|Any CPU = Release|Any CPU
	EndGlobalSection
	GlobalSection(ProjectConfigurationPlatforms) = postSolution
		{1182281B-8E0E-4661-9486-7E85E6C5A795}.Debug|Any CPU.ActiveCfg = Debug|Any CPU
		{1182281B-8E0E-4661-9486-7E85E6C5A795}.Debug|Any CPU.Build.0 = Debug|Any CPU
		{1182281B-8E0E-4661-9486-7E85E6C5A795}.Release|Any CPU.ActiveCfg = Release|Any CPU
		{1182281B-8E0E-4661-9486-7E85E6C5A795}.Release|Any CPU.Build.0 = Release|Any CPU
	EndGlobalSection
	GlobalSection(SolutionProperties) = preSolution
		HideSolutionNode = FALSE
	EndGlobalSection
	GlobalSection(ExtensibilityGlobals) = postSolution
		SolutionGuid = {06B1ABE0-7065-4DC4-B692-BEA5EA832E3E}
	EndGlobalSection
EndGlobal
